
Microsoft Visual Studio Solution File, Format Version 12.00
# Visual Studio 15
VisualStudioVersion = 15.0.27428.2015
MinimumVisualStudioVersion = 10.0.40219.1
Project("{FAE04EC0-301F-11D3-BF4B-00C04F79EFBC}") = "PragueParkingUI", "PragueParking\PragueParkingUI.csproj", "{16E00284-A05C-4A76-82B7-637C8E8F3937}"
EndProject
Project("{FAE04EC0-301F-11D3-BF4B-00C04F79EFBC}") = "ParkingPlace", "ParkingPlace\ParkingPlace.csproj", "{37DD4BDE-F2DE-4BAD-9ECB-00C3801A0502}"
EndProject
Project("{FAE04EC0-301F-11D3-BF4B-00C04F79EFBC}") = "ParkingPlaceFunctionTests", "PaarkingPlaceFunctionTest\ParkingPlaceFunctionTests.csproj", "{640FA241-D66B-4EFA-9247-940AD4CFBA75}"
EndProject
Project("{FAE04EC0-301F-11D3-BF4B-00C04F79EFBC}") = "ParkingPlaceTests", "ParkingPlaceTests\ParkingPlaceTests.csproj", "{A0891E73-D3DD-4676-8409-FFC54765D320}"
EndProject
Project("{FAE04EC0-301F-11D3-BF4B-00C04F79EFBC}") = "MyAsserts", "MyAsserts\MyAsserts.csproj", "{2AE00FD8-5DBF-4FAD-A94C-E509B0446574}"
EndProject
Global
	GlobalSection(SolutionConfigurationPlatforms) = preSolution
		Debug|Any CPU = Debug|Any CPU
		Release|Any CPU = Release|Any CPU
	EndGlobalSection
	GlobalSection(ProjectConfigurationPlatforms) = postSolution
		{16E00284-A05C-4A76-82B7-637C8E8F3937}.Debug|Any CPU.ActiveCfg = Debug|Any CPU
		{16E00284-A05C-4A76-82B7-637C8E8F3937}.Debug|Any CPU.Build.0 = Debug|Any CPU
		{16E00284-A05C-4A76-82B7-637C8E8F3937}.Release|Any CPU.ActiveCfg = Release|Any CPU
		{16E00284-A05C-4A76-82B7-637C8E8F3937}.Release|Any CPU.Build.0 = Release|Any CPU
		{37DD4BDE-F2DE-4BAD-9ECB-00C3801A0502}.Debug|Any CPU.ActiveCfg = Debug|Any CPU
		{37DD4BDE-F2DE-4BAD-9ECB-00C3801A0502}.Debug|Any CPU.Build.0 = Debug|Any CPU
		{37DD4BDE-F2DE-4BAD-9ECB-00C3801A0502}.Release|Any CPU.ActiveCfg = Release|Any CPU
		{37DD4BDE-F2DE-4BAD-9ECB-00C3801A0502}.Release|Any CPU.Build.0 = Release|Any CPU
		{640FA241-D66B-4EFA-9247-940AD4CFBA75}.Debug|Any CPU.ActiveCfg = Debug|Any CPU
		{640FA241-D66B-4EFA-9247-940AD4CFBA75}.Debug|Any CPU.Build.0 = Debug|Any CPU
		{640FA241-D66B-4EFA-9247-940AD4CFBA75}.Release|Any CPU.ActiveCfg = Release|Any CPU
		{640FA241-D66B-4EFA-9247-940AD4CFBA75}.Release|Any CPU.Build.0 = Release|Any CPU
		{A0891E73-D3DD-4676-8409-FFC54765D320}.Debug|Any CPU.ActiveCfg = Debug|Any CPU
		{A0891E73-D3DD-4676-8409-FFC54765D320}.Debug|Any CPU.Build.0 = Debug|Any CPU
		{A0891E73-D3DD-4676-8409-FFC54765D320}.Release|Any CPU.ActiveCfg = Release|Any CPU
		{A0891E73-D3DD-4676-8409-FFC54765D320}.Release|Any CPU.Build.0 = Release|Any CPU
		{2AE00FD8-5DBF-4FAD-A94C-E509B0446574}.Debug|Any CPU.ActiveCfg = Debug|Any CPU
		{2AE00FD8-5DBF-4FAD-A94C-E509B0446574}.Debug|Any CPU.Build.0 = Debug|Any CPU
		{2AE00FD8-5DBF-4FAD-A94C-E509B0446574}.Release|Any CPU.ActiveCfg = Release|Any CPU
		{2AE00FD8-5DBF-4FAD-A94C-E509B0446574}.Release|Any CPU.Build.0 = Release|Any CPU
	EndGlobalSection
	GlobalSection(SolutionProperties) = preSolution
		HideSolutionNode = FALSE
	EndGlobalSection
	GlobalSection(ExtensibilityGlobals) = postSolution
		SolutionGuid = {64CD9E20-788A-452C-8434-4C5A3B9E9D0E}
	EndGlobalSection
EndGlobal
